
Microsoft Visual Studio Solution File, Format Version 12.00
# Visual Studio 14
VisualStudioVersion = 14.0.25123.0
MinimumVisualStudioVersion = 10.0.40219.1
Project("{FAE04EC0-301F-11D3-BF4B-00C04F79EFBC}") = "Nancy.SimpleArcGISProxy", "src\Nancy.SimpleArcGISProxy\Nancy.SimpleArcGISProxy.csproj", "{F8E0B7D1-0D22-4540-BC50-A5436EBE6298}"
EndProject
Project("{FAE04EC0-301F-11D3-BF4B-00C04F79EFBC}") = "Nancy.SimpleArcGISProxy.Sample", "src\Nancy.SimpleArcGISProxy.Sample\Nancy.SimpleArcGISProxy.Sample.csproj", "{6C9A461B-3512-443F-B80B-FF986BF00B1A}"
EndProject
Global
	GlobalSection(SolutionConfigurationPlatforms) = preSolution
		Debug|Any CPU = Debug|Any CPU
		Release|Any CPU = Release|Any CPU
	EndGlobalSection
	GlobalSection(ProjectConfigurationPlatforms) = postSolution
		{F8E0B7D1-0D22-4540-BC50-A5436EBE6298}.Debug|Any CPU.ActiveCfg = Debug|Any CPU
		{F8E0B7D1-0D22-4540-BC50-A5436EBE6298}.Debug|Any CPU.Build.0 = Debug|Any CPU
		{F8E0B7D1-0D22-4540-BC50-A5436EBE6298}.Release|Any CPU.ActiveCfg = Release|Any CPU
		{F8E0B7D1-0D22-4540-BC50-A5436EBE6298}.Release|Any CPU.Build.0 = Release|Any CPU
		{6C9A461B-3512-443F-B80B-FF986BF00B1A}.Debug|Any CPU.ActiveCfg = Debug|Any CPU
		{6C9A461B-3512-443F-B80B-FF986BF00B1A}.Debug|Any CPU.Build.0 = Debug|Any CPU
		{6C9A461B-3512-443F-B80B-FF986BF00B1A}.Release|Any CPU.ActiveCfg = Release|Any CPU
		{6C9A461B-3512-443F-B80B-FF986BF00B1A}.Release|Any CPU.Build.0 = Release|Any CPU
	EndGlobalSection
	GlobalSection(SolutionProperties) = preSolution
		HideSolutionNode = FALSE
	EndGlobalSection
EndGlobal
